{
  "version": 4,
  "terraform_version": "1.0.3",
  "serial": 11,
  "lineage": "46f17d01-b122-01c6-a70c-114d52246486",
  "outputs": {},
  "resources": [
    {
      "mode": "managed",
      "type": "azurerm_resource_group",
      "name": "RG-TF1",
      "provider": "provider[\"registry.terraform.io/hashicorp/azurerm\"]",
      "instances": [
        {
          "schema_version": 0,
          "attributes": {
            "id": "/subscriptions/bc6eadfd-393d-4e9e-8140-4fe9bfd772fc/resourceGroups/azrgpsoan0001",
            "location": "westeurope",
            "name": "azrgpsoan0001",
            "tags": {
              "Application": "SOA",
              "CostCenter": "",
              "Environment": "DEV",
              "Role": "App"
            },
            "timeouts": null
          },
          "sensitive_attributes": [],
          "private": "eyJlMmJmYjczMC1lY2FhLTExZTYtOGY4OC0zNDM2M2JjN2M0YzAiOnsiY3JlYXRlIjo1NDAwMDAwMDAwMDAwLCJkZWxldGUiOjU0MDAwMDAwMDAwMDAsInJlYWQiOjMwMDAwMDAwMDAwMCwidXBkYXRlIjo1NDAwMDAwMDAwMDAwfX0="
        }
      ]
    },
    {
      "mode": "managed",
      "type": "azurerm_storage_account",
      "name": "STA-TF1",
      "provider": "provider[\"registry.terraform.io/hashicorp/azurerm\"]",
      "instances": [
        {
          "schema_version": 2,
          "attributes": {
            "access_tier": "Hot",
            "account_kind": "StorageV2",
            "account_replication_type": "LRS",
            "account_tier": "Standard",
            "allow_blob_public_access": true,
            "azure_files_authentication": [],
            "blob_properties": [
              {
                "change_feed_enabled": false,
                "container_delete_retention_policy": [],
                "cors_rule": [],
                "default_service_version": "",
                "delete_retention_policy": [],
                "last_access_time_enabled": false,
                "versioning_enabled": false
              }
            ],
            "custom_domain": [],
            "enable_https_traffic_only": true,
            "id": "/subscriptions/bc6eadfd-393d-4e9e-8140-4fe9bfd772fc/resourceGroups/azrgpsoan0001/providers/Microsoft.Storage/storageAccounts/azstasoan0010",
            "identity": [],
            "is_hns_enabled": false,
            "large_file_share_enabled": null,
            "location": "westeurope",
            "min_tls_version": "TLS1_0",
            "name": "azstasoan0010",
            "network_rules": [
              {
                "bypass": [
                  "AzureServices"
                ],
                "default_action": "Allow",
                "ip_rules": [],
                "private_link_access": [],
                "virtual_network_subnet_ids": []
              }
            ],
            "nfsv3_enabled": false,
            "primary_access_key": "K/R5pW+9p+pvzvZzeYOUb09PQXkfN8YM4Ofh6bnXaCvhOm88OCSHYjOLIHLLThXFCryOLq6eI9PE+SeyzcL99Q==",
            "primary_blob_connection_string": "DefaultEndpointsProtocol=https;BlobEndpoint=https://azstasoan0010.blob.core.windows.net/;AccountName=azstasoan0010;AccountKey=K/R5pW+9p+pvzvZzeYOUb09PQXkfN8YM4Ofh6bnXaCvhOm88OCSHYjOLIHLLThXFCryOLq6eI9PE+SeyzcL99Q==",
            "primary_blob_endpoint": "https://azstasoan0010.blob.core.windows.net/",
            "primary_blob_host": "azstasoan0010.blob.core.windows.net",
            "primary_connection_string": "DefaultEndpointsProtocol=https;AccountName=azstasoan0010;AccountKey=K/R5pW+9p+pvzvZzeYOUb09PQXkfN8YM4Ofh6bnXaCvhOm88OCSHYjOLIHLLThXFCryOLq6eI9PE+SeyzcL99Q==;EndpointSuffix=core.windows.net",
            "primary_dfs_endpoint": "https://azstasoan0010.dfs.core.windows.net/",
            "primary_dfs_host": "azstasoan0010.dfs.core.windows.net",
            "primary_file_endpoint": "https://azstasoan0010.file.core.windows.net/",
            "primary_file_host": "azstasoan0010.file.core.windows.net",
            "primary_location": "westeurope",
            "primary_queue_endpoint": "https://azstasoan0010.queue.core.windows.net/",
            "primary_queue_host": "azstasoan0010.queue.core.windows.net",
            "primary_table_endpoint": "https://azstasoan0010.table.core.windows.net/",
            "primary_table_host": "azstasoan0010.table.core.windows.net",
            "primary_web_endpoint": "https://azstasoan0010.z6.web.core.windows.net/",
            "primary_web_host": "azstasoan0010.z6.web.core.windows.net",
            "queue_properties": [
              {
                "cors_rule": [],
                "hour_metrics": [
                  {
                    "enabled": true,
                    "include_apis": true,
                    "retention_policy_days": 7,
                    "version": "1.0"
                  }
                ],
                "logging": [
                  {
                    "delete": false,
                    "read": false,
                    "retention_policy_days": 0,
                    "version": "1.0",
                    "write": false
                  }
                ],
                "minute_metrics": [
                  {
                    "enabled": false,
                    "include_apis": false,
                    "retention_policy_days": 0,
                    "version": "1.0"
                  }
                ]
              }
            ],
            "resource_group_name": "azrgpsoan0001",
            "routing": [],
            "secondary_access_key": "kOE+GTwhYqfYn5mbujTLSjfD5rSuUV4Hh398WPNgYxpAFSs73iGBZ3iUdBhKIn23vCpv8QTq2noarLJztruSFA==",
            "secondary_blob_connection_string": "",
            "secondary_blob_endpoint": null,
            "secondary_blob_host": null,
            "secondary_connection_string": "DefaultEndpointsProtocol=https;AccountName=azstasoan0010;AccountKey=kOE+GTwhYqfYn5mbujTLSjfD5rSuUV4Hh398WPNgYxpAFSs73iGBZ3iUdBhKIn23vCpv8QTq2noarLJztruSFA==;EndpointSuffix=core.windows.net",
            "secondary_dfs_endpoint": null,
            "secondary_dfs_host": null,
            "secondary_file_endpoint": null,
            "secondary_file_host": null,
            "secondary_location": "",
            "secondary_queue_endpoint": null,
            "secondary_queue_host": null,
            "secondary_table_endpoint": null,
            "secondary_table_host": null,
            "secondary_web_endpoint": null,
            "secondary_web_host": null,
            "share_properties": [
              {
                "cors_rule": [],
                "retention_policy": [
                  {
                    "days": 7
                  }
                ],
                "smb": []
              }
            ],
            "shared_access_key_enabled": true,
            "static_website": [],
            "tags": {},
            "timeouts": null
          },
          "sensitive_attributes": [],
          "private": "eyJlMmJmYjczMC1lY2FhLTExZTYtOGY4OC0zNDM2M2JjN2M0YzAiOnsiY3JlYXRlIjozNjAwMDAwMDAwMDAwLCJkZWxldGUiOjM2MDAwMDAwMDAwMDAsInJlYWQiOjMwMDAwMDAwMDAwMCwidXBkYXRlIjozNjAwMDAwMDAwMDAwfSwic2NoZW1hX3ZlcnNpb24iOiIyIn0=",
          "dependencies": [
            "azurerm_resource_group.RG-TF1"
          ]
        }
      ]
    },
    {
      "mode": "managed",
      "type": "azurerm_storage_container",
      "name": "name",
      "provider": "provider[\"registry.terraform.io/hashicorp/azurerm\"]",
      "instances": [
        {
          "schema_version": 1,
          "attributes": {
            "container_access_type": "blob",
            "has_immutability_policy": false,
            "has_legal_hold": false,
            "id": "https://azstasoan0010.blob.core.windows.net/tfstate",
            "metadata": {},
            "name": "tfstate",
            "resource_manager_id": "/subscriptions/bc6eadfd-393d-4e9e-8140-4fe9bfd772fc/resourceGroups/azrgpsoan0001/providers/Microsoft.Storage/storageAccounts/azstasoan0010/blobServices/default/containers/tfstate",
            "storage_account_name": "azstasoan0010",
            "timeouts": null
          },
          "sensitive_attributes": [],
          "private": "eyJlMmJmYjczMC1lY2FhLTExZTYtOGY4OC0zNDM2M2JjN2M0YzAiOnsiY3JlYXRlIjoxODAwMDAwMDAwMDAwLCJkZWxldGUiOjE4MDAwMDAwMDAwMDAsInJlYWQiOjMwMDAwMDAwMDAwMCwidXBkYXRlIjoxODAwMDAwMDAwMDAwfSwic2NoZW1hX3ZlcnNpb24iOiIxIn0=",
          "dependencies": [
            "azurerm_resource_group.RG-TF1",
            "azurerm_storage_account.STA-TF1"
          ]
        }
      ]
    }
  ]
}
