{
  "version": 4,
  "terraform_version": "1.0.3",
  "serial": 84,
  "lineage": "c38058a9-cb84-2390-5d0c-3df6b217a193",
  "outputs": {},
  "resources": [
    {
      "mode": "managed",
      "type": "azurerm_resource_group",
      "name": "azrsgsoan0001-rg1",
      "provider": "provider[\"registry.terraform.io/hashicorp/azurerm\"]",
      "instances": [
        {
          "index_key": "dev",
          "schema_version": 0,
          "attributes": {
            "id": "/subscriptions/bc6eadfd-393d-4e9e-8140-4fe9bfd772fc/resourceGroups/azrsgsoan0001-azrsgdevn001",
            "location": "eastus",
            "name": "azrsgsoan0001-azrsgdevn001",
            "tags": {
              "Costcenter": "India-new",
              "environment": "dev-new"
            },
            "timeouts": null
          },
          "sensitive_attributes": [],
          "private": "eyJlMmJmYjczMC1lY2FhLTExZTYtOGY4OC0zNDM2M2JjN2M0YzAiOnsiY3JlYXRlIjo1NDAwMDAwMDAwMDAwLCJkZWxldGUiOjU0MDAwMDAwMDAwMDAsInJlYWQiOjMwMDAwMDAwMDAwMCwidXBkYXRlIjo1NDAwMDAwMDAwMDAwfX0=",
          "create_before_destroy": true
        },
        {
          "index_key": "tst",
          "schema_version": 0,
          "attributes": {
            "id": "/subscriptions/bc6eadfd-393d-4e9e-8140-4fe9bfd772fc/resourceGroups/azrsgsoan0001-azrsgtstn001",
            "location": "eastus",
            "name": "azrsgsoan0001-azrsgtstn001",
            "tags": {
              "Costcenter": "India-new",
              "environment": "tst-new"
            },
            "timeouts": null
          },
          "sensitive_attributes": [],
          "private": "eyJlMmJmYjczMC1lY2FhLTExZTYtOGY4OC0zNDM2M2JjN2M0YzAiOnsiY3JlYXRlIjo1NDAwMDAwMDAwMDAwLCJkZWxldGUiOjU0MDAwMDAwMDAwMDAsInJlYWQiOjMwMDAwMDAwMDAwMCwidXBkYXRlIjo1NDAwMDAwMDAwMDAwfX0=",
          "create_before_destroy": true
        },
        {
          "index_key": "uat",
          "schema_version": 0,
          "attributes": {
            "id": "/subscriptions/bc6eadfd-393d-4e9e-8140-4fe9bfd772fc/resourceGroups/azrsgsoan0001-azrsguatn001",
            "location": "eastus",
            "name": "azrsgsoan0001-azrsguatn001",
            "tags": {
              "Costcenter": "India-new",
              "environment": "uat-new"
            },
            "timeouts": null
          },
          "sensitive_attributes": [],
          "private": "eyJlMmJmYjczMC1lY2FhLTExZTYtOGY4OC0zNDM2M2JjN2M0YzAiOnsiY3JlYXRlIjo1NDAwMDAwMDAwMDAwLCJkZWxldGUiOjU0MDAwMDAwMDAwMDAsInJlYWQiOjMwMDAwMDAwMDAwMCwidXBkYXRlIjo1NDAwMDAwMDAwMDAwfX0=",
          "create_before_destroy": true
        }
      ]
    }
  ]
}
